// !$*UTF8*$!
{
	archiveVersion = 1;
	classes = {
	};
	objectVersion = 51;
	objects = {

/* Begin PBXBuildFile section */
		645D3E3B24EFA3C600D3705A /* AppDelegate.m in Sources */ = {isa = PBXBuildFile; fileRef = 645D3E3A24EFA3C600D3705A /* AppDelegate.m */; };
		645D3E3E24EFA3C600D3705A /* ViewController.m in Sources */ = {isa = PBXBuildFile; fileRef = 645D3E3D24EFA3C600D3705A /* ViewController.m */; };
		645D3E4124EFA3C600D3705A /* Main.storyboard in Resources */ = {isa = PBXBuildFile; fileRef = 645D3E3F24EFA3C600D3705A /* Main.storyboard */; };
		645D3E4324EFA3C800D3705A /* Assets.xcassets in Resources */ = {isa = PBXBuildFile; fileRef = 645D3E4224EFA3C800D3705A /* Assets.xcassets */; };
		645D3E4624EFA3C800D3705A /* LaunchScreen.storyboard in Resources */ = {isa = PBXBuildFile; fileRef = 645D3E4424EFA3C800D3705A /* LaunchScreen.storyboard */; };
		645D3E4924EFA3C800D3705A /* main.m in Sources */ = {isa = PBXBuildFile; fileRef = 645D3E4824EFA3C800D3705A /* main.m */; };
		645D3E5124EFB34400D3705A /* Person.m in Sources */ = {isa = PBXBuildFile; fileRef = 645D3E5024EFB34400D3705A /* Person.m */; };
		64D4B50924F4FA7400D9E4E0 /* data.plist in Resources */ = {isa = PBXBuildFile; fileRef = 64D4B50824F4FA7400D9E4E0 /* data.plist */; };
		D7DA9E23E175CFE437D4E222 /* Pods_RunTimeTest.framework in Frameworks */ = {isa = PBXBuildFile; fileRef = 1266303688491582FB6515B7 /* Pods_RunTimeTest.framework */; };
/* End PBXBuildFile section */

/* Begin PBXFileReference section */
		1266303688491582FB6515B7 /* Pods_RunTimeTest.framework */ = {isa = PBXFileReference; explicitFileType = wrapper.framework; includeInIndex = 0; path = Pods_RunTimeTest.framework; sourceTree = BUILT_PRODUCTS_DIR; };
		645D3E3624EFA3C600D3705A /* RunTimeTest.app */ = {isa = PBXFileReference; explicitFileType = wrapper.application; includeInIndex = 0; path = RunTimeTest.app; sourceTree = BUILT_PRODUCTS_DIR; };
		645D3E3924EFA3C600D3705A /* AppDelegate.h */ = {isa = PBXFileReference; lastKnownFileType = sourcecode.c.h; path = AppDelegate.h; sourceTree = "<group>"; };
		645D3E3A24EFA3C600D3705A /* AppDelegate.m */ = {isa = PBXFileReference; lastKnownFileType = sourcecode.c.objc; path = AppDelegate.m; sourceTree = "<group>"; };
		645D3E3C24EFA3C600D3705A /* ViewController.h */ = {isa = PBXFileReference; lastKnownFileType = sourcecode.c.h; path = ViewController.h; sourceTree = "<group>"; };
		645D3E3D24EFA3C600D3705A /* ViewController.m */ = {isa = PBXFileReference; lastKnownFileType = sourcecode.c.objc; path = ViewController.m; sourceTree = "<group>"; };
		645D3E4024EFA3C600D3705A /* Base */ = {isa = PBXFileReference; lastKnownFileType = file.storyboard; name = Base; path = Base.lproj/Main.storyboard; sourceTree = "<group>"; };
		645D3E4224EFA3C800D3705A /* Assets.xcassets */ = {isa = PBXFileReference; lastKnownFileType = folder.assetcatalog; path = Assets.xcassets; sourceTree = "<group>"; };
		645D3E4524EFA3C800D3705A /* Base */ = {isa = PBXFileReference; lastKnownFileType = file.storyboard; name = Base; path = Base.lproj/LaunchScreen.storyboard; sourceTree = "<group>"; };
		645D3E4724EFA3C800D3705A /* Info.plist */ = {isa = PBXFileReference; lastKnownFileType = text.plist.xml; path = Info.plist; sourceTree = "<group>"; };
		645D3E4824EFA3C800D3705A /* main.m */ = {isa = PBXFileReference; lastKnownFileType = sourcecode.c.objc; path = main.m; sourceTree = "<group>"; };
		645D3E4F24EFB34400D3705A /* Person.h */ = {isa = PBXFileReference; lastKnownFileType = sourcecode.c.h; path = Person.h; sourceTree = "<group>"; };
		645D3E5024EFB34400D3705A /* Person.m */ = {isa = PBXFileReference; lastKnownFileType = sourcecode.c.objc; path = Person.m; sourceTree = "<group>"; };
		64D4B50824F4FA7400D9E4E0 /* data.plist */ = {isa = PBXFileReference; lastKnownFileType = text.plist.xml; path = data.plist; sourceTree = "<group>"; };
		A6CAC62D8EFF6052834F61E5 /* Pods-RunTimeTest.release.xcconfig */ = {isa = PBXFileReference; includeInIndex = 1; lastKnownFileType = text.xcconfig; name = "Pods-RunTimeTest.release.xcconfig"; path = "Target Support Files/Pods-RunTimeTest/Pods-RunTimeTest.release.xcconfig"; sourceTree = "<group>"; };
		F63EB04347EFF46BAE322704 /* Pods-RunTimeTest.debug.xcconfig */ = {isa = PBXFileReference; includeInIndex = 1; lastKnownFileType = text.xcconfig; name = "Pods-RunTimeTest.debug.xcconfig"; path = "Target Support Files/Pods-RunTimeTest/Pods-RunTimeTest.debug.xcconfig"; sourceTree = "<group>"; };
/* End PBXFileReference section */

/* Begin PBXFrameworksBuildPhase section */
		645D3E3324EFA3C600D3705A /* Frameworks */ = {
			isa = PBXFrameworksBuildPhase;
			buildActionMask = 2147483647;
			files = (
				D7DA9E23E175CFE437D4E222 /* Pods_RunTimeTest.framework in Frameworks */,
			);
			runOnlyForDeploymentPostprocessing = 0;
		};
/* End PBXFrameworksBuildPhase section */

/* Begin PBXGroup section */
		645D3E2D24EFA3C600D3705A = {
			isa = PBXGroup;
			children = (
				645D3E3824EFA3C600D3705A /* RunTimeTest */,
				645D3E3724EFA3C600D3705A /* Products */,
				F0A2638C3A7439F6498DE820 /* Pods */,
				83C971092E9D9122B0343461 /* Frameworks */,
			);
			sourceTree = "<group>";
		};
		645D3E3724EFA3C600D3705A /* Products */ = {
			isa = PBXGroup;
			children = (
				645D3E3624EFA3C600D3705A /* RunTimeTest.app */,
			);
			name = Products;
			sourceTree = "<group>";
		};
		645D3E3824EFA3C600D3705A /* RunTimeTest */ = {
			isa = PBXGroup;
			children = (
				645D3E3924EFA3C600D3705A /* AppDelegate.h */,
				645D3E3A24EFA3C600D3705A /* AppDelegate.m */,
				645D3E3C24EFA3C600D3705A /* ViewController.h */,
				645D3E3D24EFA3C600D3705A /* ViewController.m */,
				645D3E3F24EFA3C600D3705A /* Main.storyboard */,
				645D3E4224EFA3C800D3705A /* Assets.xcassets */,
				645D3E4424EFA3C800D3705A /* LaunchScreen.storyboard */,
				645D3E4724EFA3C800D3705A /* Info.plist */,
				645D3E4824EFA3C800D3705A /* main.m */,
				645D3E4F24EFB34400D3705A /* Person.h */,
				645D3E5024EFB34400D3705A /* Person.m */,
				64D4B50824F4FA7400D9E4E0 /* data.plist */,
			);
			path = RunTimeTest;
			sourceTree = "<group>";
		};
		83C971092E9D9122B0343461 /* Frameworks */ = {
			isa = PBXGroup;
			children = (
				1266303688491582FB6515B7 /* Pods_RunTimeTest.framework */,
			);
			name = Frameworks;
			sourceTree = "<group>";
		};
		F0A2638C3A7439F6498DE820 /* Pods */ = {
			isa = PBXGroup;
			children = (
				F63EB04347EFF46BAE322704 /* Pods-RunTimeTest.debug.xcconfig */,
				A6CAC62D8EFF6052834F61E5 /* Pods-RunTimeTest.release.xcconfig */,
			);
			path = Pods;
			sourceTree = "<group>";
		};
/* End PBXGroup section */

/* Begin PBXNativeTarget section */
		645D3E3524EFA3C600D3705A /* RunTimeTest */ = {
			isa = PBXNativeTarget;
			buildConfigurationList = 645D3E4C24EFA3C800D3705A /* Build configuration list for PBXNativeTarget "RunTimeTest" */;
			buildPhases = (
				A824B8A77BE51142CB01A861 /* [CP] Check Pods Manifest.lock */,
				645D3E3224EFA3C600D3705A /* Sources */,
				645D3E3324EFA3C600D3705A /* Frameworks */,
				645D3E3424EFA3C600D3705A /* Resources */,
				F9213273B4FFEC6B2A544F4B /* [CP] Embed Pods Frameworks */,
			);
			buildRules = (
			);
			dependencies = (
			);
			name = RunTimeTest;
			productName = RunTimeTest;
			productReference = 645D3E3624EFA3C600D3705A /* RunTimeTest.app */;
			productType = "com.apple.product-type.application";
		};
/* End PBXNativeTarget section */

/* Begin PBXProject section */
		645D3E2E24EFA3C600D3705A /* Project object */ = {
			isa = PBXProject;
			attributes = {
				LastUpgradeCheck = 1030;
				ORGANIZATIONNAME = PersonalONBYL;
				TargetAttributes = {
					645D3E3524EFA3C600D3705A = {
						CreatedOnToolsVersion = 10.3;
					};
				};
			};
			buildConfigurationList = 645D3E3124EFA3C600D3705A /* Build configuration list for PBXProject "RunTimeTest" */;
			compatibilityVersion = "Xcode 9.3";
			developmentRegion = en;
			hasScannedForEncodings = 0;
			knownRegions = (
				en,
				Base,
			);
			mainGroup = 645D3E2D24EFA3C600D3705A;
			productRefGroup = 645D3E3724EFA3C600D3705A /* Products */;
			projectDirPath = "";
			projectRoot = "";
			targets = (
				645D3E3524EFA3C600D3705A /* RunTimeTest */,
			);
		};
/* End PBXProject section */

/* Begin PBXResourcesBuildPhase section */
		645D3E3424EFA3C600D3705A /* Resources */ = {
			isa = PBXResourcesBuildPhase;
			buildActionMask = 2147483647;
			files = (
				645D3E4624EFA3C800D3705A /* LaunchScreen.storyboard in Resources */,
				645D3E4324EFA3C800D3705A /* Assets.xcassets in Resources */,
				64D4B50924F4FA7400D9E4E0 /* data.plist in Resources */,
				645D3E4124EFA3C600D3705A /* Main.storyboard in Resources */,
			);
			runOnlyForDeploymentPostprocessing = 0;
		};
/* End PBXResourcesBuildPhase section */

/* Begin PBXShellScriptBuildPhase section */
		A824B8A77BE51142CB01A861 /* [CP] Check Pods Manifest.lock */ = {
			isa = PBXShellScriptBuildPhase;
			buildActionMask = 2147483647;
			files = (
			);
			inputFileListPaths = (
			);
			inputPaths = (
				"${PODS_PODFILE_DIR_PATH}/Podfile.lock",
				"${PODS_ROOT}/Manifest.lock",
			);
			name = "[CP] Check Pods Manifest.lock";
			outputFileListPaths = (
			);
			outputPaths = (
				"$(DERIVED_FILE_DIR)/Pods-RunTimeTest-checkManifestLockResult.txt",
			);
			runOnlyForDeploymentPostprocessing = 0;
			shellPath = /bin/sh;
			shellScript = "diff \"${PODS_PODFILE_DIR_PATH}/Podfile.lock\" \"${PODS_ROOT}/Manifest.lock\" > /dev/null\nif [ $? != 0 ] ; then\n    # print error to STDERR\n    echo \"error: The sandbox is not in sync with the Podfile.lock. Run 'pod install' or update your CocoaPods installation.\" >&2\n    exit 1\nfi\n# This output is used by Xcode 'outputs' to avoid re-running this script phase.\necho \"SUCCESS\" > \"${SCRIPT_OUTPUT_FILE_0}\"\n";
			showEnvVarsInLog = 0;
		};
		F9213273B4FFEC6B2A544F4B /* [CP] Embed Pods Frameworks */ = {
			isa = PBXShellScriptBuildPhase;
			buildActionMask = 2147483647;
			files = (
			);
			inputFileListPaths = (
				"${PODS_ROOT}/Target Support Files/Pods-RunTimeTest/Pods-RunTimeTest-frameworks-${CONFIGURATION}-input-files.xcfilelist",
			);
			name = "[CP] Embed Pods Frameworks";
			outputFileListPaths = (
				"${PODS_ROOT}/Target Support Files/Pods-RunTimeTest/Pods-RunTimeTest-frameworks-${CONFIGURATION}-output-files.xcfilelist",
			);
			runOnlyForDeploymentPostprocessing = 0;
			shellPath = /bin/sh;
			shellScript = "\"${PODS_ROOT}/Target Support Files/Pods-RunTimeTest/Pods-RunTimeTest-frameworks.sh\"\n";
			showEnvVarsInLog = 0;
		};
/* End PBXShellScriptBuildPhase section */

/* Begin PBXSourcesBuildPhase section */
		645D3E3224EFA3C600D3705A /* Sources */ = {
			isa = PBXSourcesBuildPhase;
			buildActionMask = 2147483647;
			files = (
				645D3E3E24EFA3C600D3705A /* ViewController.m in Sources */,
				645D3E4924EFA3C800D3705A /* main.m in Sources */,
				645D3E5124EFB34400D3705A /* Person.m in Sources */,
				645D3E3B24EFA3C600D3705A /* AppDelegate.m in Sources */,
			);
			runOnlyForDeploymentPostprocessing = 0;
		};
/* End PBXSourcesBuildPhase section */

/* Begin PBXVariantGroup section */
		645D3E3F24EFA3C600D3705A /* Main.storyboard */ = {
			isa = PBXVariantGroup;
			children = (
				645D3E4024EFA3C600D3705A /* Base */,
			);
			name = Main.storyboard;
			sourceTree = "<group>";
		};
		645D3E4424EFA3C800D3705A /* LaunchScreen.storyboard */ = {
			isa = PBXVariantGroup;
			children = (
				645D3E4524EFA3C800D3705A /* Base */,
			);
			name = LaunchScreen.storyboard;
			sourceTree = "<group>";
		};
/* End PBXVariantGroup section */

/* Begin XCBuildConfiguration section */
		645D3E4A24EFA3C800D3705A /* Debug */ = {
			isa = XCBuildConfiguration;
			buildSettings = {
				ALWAYS_SEARCH_USER_PATHS = NO;
				CLANG_ANALYZER_NONNULL = YES;
				CLANG_ANALYZER_NUMBER_OBJECT_CONVERSION = YES_AGGRESSIVE;
				CLANG_CXX_LANGUAGE_STANDARD = "gnu++14";
				CLANG_CXX_LIBRARY = "libc++";
				CLANG_ENABLE_MODULES = YES;
				CLANG_ENABLE_OBJC_ARC = YES;
				CLANG_ENABLE_OBJC_WEAK = YES;
				CLANG_WARN_BLOCK_CAPTURE_AUTORELEASING = YES;
				CLANG_WARN_BOOL_CONVERSION = YES;
				CLANG_WARN_COMMA = YES;
				CLANG_WARN_CONSTANT_CONVERSION = YES;
				CLANG_WARN_DEPRECATED_OBJC_IMPLEMENTATIONS = YES;
				CLANG_WARN_DIRECT_OBJC_ISA_USAGE = YES_ERROR;
				CLANG_WARN_DOCUMENTATION_COMMENTS = YES;
				CLANG_WARN_EMPTY_BODY = YES;
				CLANG_WARN_ENUM_CONVERSION = YES;
				CLANG_WARN_INFINITE_RECURSION = YES;
				CLANG_WARN_INT_CONVERSION = YES;
				CLANG_WARN_NON_LITERAL_NULL_CONVERSION = YES;
				CLANG_WARN_OBJC_IMPLICIT_RETAIN_SELF = YES;
				CLANG_WARN_OBJC_LITERAL_CONVERSION = YES;
				CLANG_WARN_OBJC_ROOT_CLASS = YES_ERROR;
				CLANG_WARN_RANGE_LOOP_ANALYSIS = YES;
				CLANG_WARN_STRICT_PROTOTYPES = YES;
				CLANG_WARN_SUSPICIOUS_MOVE = YES;
				CLANG_WARN_UNGUARDED_AVAILABILITY = YES_AGGRESSIVE;
				CLANG_WARN_UNREACHABLE_CODE = YES;
				CLANG_WARN__DUPLICATE_METHOD_MATCH = YES;
				CODE_SIGN_IDENTITY = "iPhone Developer";
				COPY_PHASE_STRIP = NO;
				DEBUG_INFORMATION_FORMAT = dwarf;
				ENABLE_STRICT_OBJC_MSGSEND = YES;
				ENABLE_TESTABILITY = YES;
				GCC_C_LANGUAGE_STANDARD = gnu11;
				GCC_DYNAMIC_NO_PIC = NO;
				GCC_NO_COMMON_BLOCKS = YES;
				GCC_OPTIMIZATION_LEVEL = 0;
				GCC_PREPROCESSOR_DEFINITIONS = (
					"DEBUG=1",
					"$(inherited)",
				);
				GCC_WARN_64_TO_32_BIT_CONVERSION = YES;
				GCC_WARN_ABOUT_RETURN_TYPE = YES_ERROR;
				GCC_WARN_UNDECLARED_SELECTOR = YES;
				GCC_WARN_UNINITIALIZED_AUTOS = YES_AGGRESSIVE;
				GCC_WARN_UNUSED_FUNCTION = YES;
				GCC_WARN_UNUSED_VARIABLE = YES;
				IPHONEOS_DEPLOYMENT_TARGET = 12.4;
				MTL_ENABLE_DEBUG_INFO = INCLUDE_SOURCE;
				MTL_FAST_MATH = YES;
				ONLY_ACTIVE_ARCH = YES;
				SDKROOT = iphoneos;
			};
			name = Debug;
		};
		645D3E4B24EFA3C800D3705A /* Release */ = {
			isa = XCBuildConfiguration;
			buildSettings = {
				ALWAYS_SEARCH_USER_PATHS = NO;
				CLANG_ANALYZER_NONNULL = YES;
				CLANG_ANALYZER_NUMBER_OBJECT_CONVERSION = YES_AGGRESSIVE;
				CLANG_CXX_LANGUAGE_STANDARD = "gnu++14";
				CLANG_CXX_LIBRARY = "libc++";
				CLANG_ENABLE_MODULES = YES;
				CLANG_ENABLE_OBJC_ARC = YES;
				CLANG_ENABLE_OBJC_WEAK = YES;
				CLANG_WARN_BLOCK_CAPTURE_AUTORELEASING = YES;
				CLANG_WARN_BOOL_CONVERSION = YES;
				CLANG_WARN_COMMA = YES;
				CLANG_WARN_CONSTANT_CONVERSION = YES;
				CLANG_WARN_DEPRECATED_OBJC_IMPLEMENTATIONS = YES;
				CLANG_WARN_DIRECT_OBJC_ISA_USAGE = YES_ERROR;
				CLANG_WARN_DOCUMENTATION_COMMENTS = YES;
				CLANG_WARN_EMPTY_BODY = YES;
				CLANG_WARN_ENUM_CONVERSION = YES;
				CLANG_WARN_INFINITE_RECURSION = YES;
				CLANG_WARN_INT_CONVERSION = YES;
				CLANG_WARN_NON_LITERAL_NULL_CONVERSION = YES;
				CLANG_WARN_OBJC_IMPLICIT_RETAIN_SELF = YES;
				CLANG_WARN_OBJC_LITERAL_CONVERSION = YES;
				CLANG_WARN_OBJC_ROOT_CLASS = YES_ERROR;
				CLANG_WARN_RANGE_LOOP_ANALYSIS = YES;
				CLANG_WARN_STRICT_PROTOTYPES = YES;
				CLANG_WARN_SUSPICIOUS_MOVE = YES;
				CLANG_WARN_UNGUARDED_AVAILABILITY = YES_AGGRESSIVE;
				CLANG_WARN_UNREACHABLE_CODE = YES;
				CLANG_WARN__DUPLICATE_METHOD_MATCH = YES;
				CODE_SIGN_IDENTITY = "iPhone Developer";
				COPY_PHASE_STRIP = NO;
				DEBUG_INFORMATION_FORMAT = "dwarf-with-dsym";
				ENABLE_NS_ASSERTIONS = NO;
				ENABLE_STRICT_OBJC_MSGSEND = YES;
				GCC_C_LANGUAGE_STANDARD = gnu11;
				GCC_NO_COMMON_BLOCKS = YES;
				GCC_WARN_64_TO_32_BIT_CONVERSION = YES;
				GCC_WARN_ABOUT_RETURN_TYPE = YES_ERROR;
				GCC_WARN_UNDECLARED_SELECTOR = YES;
				GCC_WARN_UNINITIALIZED_AUTOS = YES_AGGRESSIVE;
				GCC_WARN_UNUSED_FUNCTION = YES;
				GCC_WARN_UNUSED_VARIABLE = YES;
				IPHONEOS_DEPLOYMENT_TARGET = 12.4;
				MTL_ENABLE_DEBUG_INFO = NO;
				MTL_FAST_MATH = YES;
				SDKROOT = iphoneos;
				VALIDATE_PRODUCT = YES;
			};
			name = Release;
		};
		645D3E4D24EFA3C800D3705A /* Debug */ = {
			isa = XCBuildConfiguration;
			baseConfigurationReference = F63EB04347EFF46BAE322704 /* Pods-RunTimeTest.debug.xcconfig */;
			buildSettings = {
				ASSETCATALOG_COMPILER_APPICON_NAME = AppIcon;
				CODE_SIGN_STYLE = Automatic;
				INFOPLIST_FILE = RunTimeTest/Info.plist;
				LD_RUNPATH_SEARCH_PATHS = (
					"$(inherited)",
					"@executable_path/Frameworks",
				);
				PRODUCT_BUNDLE_IDENTIFIER = com.PersonalONBYL.RunTimeTest;
				PRODUCT_NAME = "$(TARGET_NAME)";
				TARGETED_DEVICE_FAMILY = "1,2";
			};
			name = Debug;
		};
		645D3E4E24EFA3C800D3705A /* Release */ = {
			isa = XCBuildConfiguration;
			baseConfigurationReference = A6CAC62D8EFF6052834F61E5 /* Pods-RunTimeTest.release.xcconfig */;
			buildSettings = {
				ASSETCATALOG_COMPILER_APPICON_NAME = AppIcon;
				CODE_SIGN_STYLE = Automatic;
				INFOPLIST_FILE = RunTimeTest/Info.plist;
				LD_RUNPATH_SEARCH_PATHS = (
					"$(inherited)",
					"@executable_path/Frameworks",
				);
				PRODUCT_BUNDLE_IDENTIFIER = com.PersonalONBYL.RunTimeTest;
				PRODUCT_NAME = "$(TARGET_NAME)";
				TARGETED_DEVICE_FAMILY = "1,2";
			};
			name = Release;
		};
/* End XCBuildConfiguration section */

/* Begin XCConfigurationList section */
		645D3E3124EFA3C600D3705A /* Build configuration list for PBXProject "RunTimeTest" */ = {
			isa = XCConfigurationList;
			buildConfigurations = (
				645D3E4A24EFA3C800D3705A /* Debug */,
				645D3E4B24EFA3C800D3705A /* Release */,
			);
			defaultConfigurationIsVisible = 0;
			defaultConfigurationName = Release;
		};
		645D3E4C24EFA3C800D3705A /* Build configuration list for PBXNativeTarget "RunTimeTest" */ = {
			isa = XCConfigurationList;
			buildConfigurations = (
				645D3E4D24EFA3C800D3705A /* Debug */,
				645D3E4E24EFA3C800D3705A /* Release */,
			);
			defaultConfigurationIsVisible = 0;
			defaultConfigurationName = Release;
		};
/* End XCConfigurationList section */
	};
	rootObject = 645D3E2E24EFA3C600D3705A /* Project object */;
}
